
Microsoft Visual Studio Solution File, Format Version 12.00
# Visual Studio 15
VisualStudioVersion = 15.0.28307.1000
MinimumVisualStudioVersion = 10.0.40219.1
Project("{FAE04EC0-301F-11D3-BF4B-00C04F79EFBC}") = "ProAppDistanceAndDirectionModule", "ProAppDistanceAndDirectionModule\ProAppDistanceAndDirectionModule\ProAppDistanceAndDirectionModule.csproj", "{AB2934C1-011A-49FE-BD1C-9368CCE0358E}"
EndProject
Project("{FAE04EC0-301F-11D3-BF4B-00C04F79EFBC}") = "ProAppDistanceAndDirectionModule.Tests", "ProAppDistanceAndDirectionModule.Tests\ProAppDistanceAndDirectionModule.Tests.csproj", "{8DBE05CE-8026-4631-8E8A-BFC54DACD23B}"
EndProject
Project("{FAE04EC0-301F-11D3-BF4B-00C04F79EFBC}") = "CoordinateConversionLibrary", "..\..\..\coordinate-conversion-addin-dotnet\source\CoordinateConversion\CoordinateConversionLibrary\CoordinateConversionLibrary.csproj", "{67FFDFAE-F8EC-45AA-A3F9-6109BCF5BBF4}"
EndProject
Global
	GlobalSection(SolutionConfigurationPlatforms) = preSolution
		Debug|Any CPU = Debug|Any CPU
		Release|Any CPU = Release|Any CPU
	EndGlobalSection
	GlobalSection(ProjectConfigurationPlatforms) = postSolution
		{AB2934C1-011A-49FE-BD1C-9368CCE0358E}.Debug|Any CPU.ActiveCfg = Debug|Any CPU
		{AB2934C1-011A-49FE-BD1C-9368CCE0358E}.Debug|Any CPU.Build.0 = Debug|Any CPU
		{AB2934C1-011A-49FE-BD1C-9368CCE0358E}.Release|Any CPU.ActiveCfg = Release|Any CPU
		{AB2934C1-011A-49FE-BD1C-9368CCE0358E}.Release|Any CPU.Build.0 = Release|Any CPU
		{8DBE05CE-8026-4631-8E8A-BFC54DACD23B}.Debug|Any CPU.ActiveCfg = Debug|Any CPU
		{8DBE05CE-8026-4631-8E8A-BFC54DACD23B}.Debug|Any CPU.Build.0 = Debug|Any CPU
		{8DBE05CE-8026-4631-8E8A-BFC54DACD23B}.Release|Any CPU.ActiveCfg = Release|Any CPU
		{8DBE05CE-8026-4631-8E8A-BFC54DACD23B}.Release|Any CPU.Build.0 = Release|Any CPU
		{67FFDFAE-F8EC-45AA-A3F9-6109BCF5BBF4}.Debug|Any CPU.ActiveCfg = Debug|Any CPU
		{67FFDFAE-F8EC-45AA-A3F9-6109BCF5BBF4}.Debug|Any CPU.Build.0 = Debug|Any CPU
		{67FFDFAE-F8EC-45AA-A3F9-6109BCF5BBF4}.Release|Any CPU.ActiveCfg = Release|Any CPU
		{67FFDFAE-F8EC-45AA-A3F9-6109BCF5BBF4}.Release|Any CPU.Build.0 = Release|Any CPU
	EndGlobalSection
	GlobalSection(SolutionProperties) = preSolution
		HideSolutionNode = FALSE
	EndGlobalSection
	GlobalSection(ExtensibilityGlobals) = postSolution
		SolutionGuid = {8DCD06F0-0EEE-463D-BD17-6D798543980B}
	EndGlobalSection
EndGlobal
